
Microsoft Visual Studio Solution File, Format Version 12.00
# Visual Studio 15
VisualStudioVersion = 15.0.27428.2037
MinimumVisualStudioVersion = 10.0.40219.1
Project("{FAE04EC0-301F-11D3-BF4B-00C04F79EFBC}") = "Test2", "Test2\Test2.csproj", "{2027F5AA-C5A5-476C-A92D-5C06A5CA969B}"
EndProject
Global
	GlobalSection(SolutionConfigurationPlatforms) = preSolution
		Debug|Any CPU = Debug|Any CPU
		Release|Any CPU = Release|Any CPU
	EndGlobalSection
	GlobalSection(ProjectConfigurationPlatforms) = postSolution
		{2027F5AA-C5A5-476C-A92D-5C06A5CA969B}.Debug|Any CPU.ActiveCfg = Debug|Any CPU
		{2027F5AA-C5A5-476C-A92D-5C06A5CA969B}.Debug|Any CPU.Build.0 = Debug|Any CPU
		{2027F5AA-C5A5-476C-A92D-5C06A5CA969B}.Release|Any CPU.ActiveCfg = Release|Any CPU
		{2027F5AA-C5A5-476C-A92D-5C06A5CA969B}.Release|Any CPU.Build.0 = Release|Any CPU
	EndGlobalSection
	GlobalSection(SolutionProperties) = preSolution
		HideSolutionNode = FALSE
	EndGlobalSection
	GlobalSection(ExtensibilityGlobals) = postSolution
		SolutionGuid = {A0F73D9F-CC5B-4830-A472-1FCB4BC1B8EF}
	EndGlobalSection
EndGlobal
